# This file is automatically @generated by Cargo.
# It is not intended for manual editing.
version = 4

[[package]]
name = "allocator-api2"
version = "0.2.21"
source = "registry+https://github.com/rust-lang/crates.io-index"
checksum = "683d7910e743518b0e34f1186f92494becacb047c7b6bf616c96772180fef923"

[[package]]
name = "anyhow"
version = "1.0.103"
source = "registry+https://github.com/rust-lang/crates.io-index"
checksum = "2a4385e2e34eb35d6b3efe798b9eb88096925d87726c0798709bf56d9ed84af3"

[[package]]
name = "assert_matches"
version = "1.5.0"
source = "registry+https://github.com/rust-lang/crates.io-index"
checksum = "9b34d609dfbaf33d6889b2b7106d3ca345eacad44200913df5ba02bfd31d2ba9"

[[package]]
name = "async-task"
version = "4.7.1"
source = "registry+https://github.com/rust-lang/crates.io-index"
checksum = "8b75356056920673b02621b35afd0f7dda9306d03c79a30f5c56c44cf256e3de"

[[package]]
name = "base64"
version = "0.22.1"
source = "registry+https://github.com/rust-lang/crates.io-index"
checksum = "72b3254f16251a8381aa12e40e3c4d2f0199f8c6508fbecb9d91f575e0fbb8c6"

[[package]]
name = "bitflags"
version = "2.13.0"
source = "registry+https://github.com/rust-lang/crates.io-index"
checksum = "b4388bee8683e3d04af747c73422af53102d2bd24d9eadb6cbc100baef4b43f8"

[[package]]
name = "bytes"
version = "1.12.0"
source = "registry+https://github.com/rust-lang/crates.io-index"
checksum = "8ae3f5d315924270530207e2a68396c3cc547f6dca3fbdca317cfb1a51edb593"

[[package]]
name = "cfg-if"
version = "1.0.4"
source = "registry+https://github.com/rust-lang/crates.io-index"
checksum = "9330f8b2ff13f34540b44e946ef35111825727b38d33286ef986142615121801"

[[package]]
name = "console"
version = "0.16.4"
source = "registry+https://github.com/rust-lang/crates.io-index"
checksum = "4fe5f465a4f6fee88fad41b85d990f84c835335e85b5d9e6e63e0d06d28cba7c"
dependencies = [
 "encode_unicode",
 "libc",
 "windows-sys",
]

[[package]]
name = "const_format"
version = "0.2.36"
source = "registry+https://github.com/rust-lang/crates.io-index"
checksum = "4481a617ad9a412be3b97c5d403fef8ed023103368908b9c50af598ff467cc1e"
dependencies = [
 "const_format_proc_macros",
 "konst",
]

[[package]]
name = "const_format_proc_macros"
version = "0.2.34"
source = "registry+https://github.com/rust-lang/crates.io-index"
checksum = "1d57c2eccfb16dbac1f4e61e206105db5820c9d26c3c472bc17c774259ef7744"
dependencies = [
 "proc-macro2",
 "quote",
 "unicode-xid",
]

[[package]]
name = "encode_unicode"
version = "1.0.0"
source = "registry+https://github.com/rust-lang/crates.io-index"
checksum = "34aa73646ffb006b8f5147f3dc182bd4bcb190227ce861fc4a4844bf8e3cb2c0"

[[package]]
name = "equivalent"
version = "1.0.2"
source = "registry+https://github.com/rust-lang/crates.io-index"
checksum = "877a4ace8713b0bcf2a4e7eec82529c029f1d0619886d18145fea96c3ffe5c0f"

[[package]]
name = "errno"
version = "0.3.14"
source = "registry+https://github.com/rust-lang/crates.io-index"
checksum = "39cab71617ae0d63f51a36d69f866391735b51691dbda63cf6f96d042b63efeb"
dependencies = [
 "libc",
 "windows-sys",
]

[[package]]
name = "fastrand"
version = "1.9.0"
source = "registry+https://github.com/rust-lang/crates.io-index"
checksum = "e51093e27b0797c359783294ca4f0a911c270184cb10f85783b118614a1501be"
dependencies = [
 "instant",
]

[[package]]
name = "fastrand"
version = "2.4.1"
source = "registry+https://github.com/rust-lang/crates.io-index"
checksum = "9f1f227452a390804cdb637b74a86990f2a7d7ba4b7d5693aac9b4dd6defd8d6"

[[package]]
name = "foldhash"
version = "0.2.0"
source = "registry+https://github.com/rust-lang/crates.io-index"
checksum = "77ce24cb58228fbb8aa041425bb1050850ac19177686ea6e0f41a70416f56fdb"

[[package]]
name = "futures-core"
version = "0.3.32"
source = "registry+https://github.com/rust-lang/crates.io-index"
checksum = "7e3450815272ef58cec6d564423f6e755e25379b217b0bc688e295ba24df6b1d"

[[package]]
name = "futures-io"
version = "0.3.32"
source = "registry+https://github.com/rust-lang/crates.io-index"
checksum = "cecba35d7ad927e23624b22ad55235f2239cfa44fd10428eecbeba6d6a717718"

[[package]]
name = "futures-lite"
version = "1.13.0"
source = "registry+https://github.com/rust-lang/crates.io-index"
checksum = "49a9d51ce47660b1e808d3c990b4709f2f415d928835a17dfd16991515c46bce"
dependencies = [
 "fastrand 1.9.0",
 "futures-core",
 "futures-io",
 "memchr",
 "parking",
 "pin-project-lite",
 "waker-fn",
]

[[package]]
name = "getrandom"
version = "0.4.3"
source = "registry+https://github.com/rust-lang/crates.io-index"
checksum = "300e883d756b2e4ec94e02791f39b04b522276138852cfc41d9fb7e904106099"
dependencies = [
 "cfg-if",
 "libc",
 "r-efi",
]

[[package]]
name = "hashbrown"
version = "0.17.1"
source = "registry+https://github.com/rust-lang/crates.io-index"
checksum = "ed5909b6e89a2db4456e54cd5f673791d7eca6732202bbf2a9cc504fe2f9b84a"
dependencies = [
 "allocator-api2",
 "equivalent",
 "foldhash",
]

[[package]]
name = "heck"
version = "0.5.0"
source = "registry+https://github.com/rust-lang/crates.io-index"
checksum = "2304e00983f87ffb38b55b444b5e3b60a884b5d30c0fca7d82fe33449bbe55ea"

[[package]]
name = "http"
version = "1.4.2"
source = "registry+https://github.com/rust-lang/crates.io-index"
checksum = "6970f50e31d6fc17d3fa27329444bfa74e196cf62e95052a3f6fee181dba6425"
dependencies = [
 "bytes",
 "itoa",
]

[[package]]
name = "http-body"
version = "1.0.1"
source = "registry+https://github.com/rust-lang/crates.io-index"
checksum = "1efedce1fb8e6913f23e0c92de8e62cd5b772a67e7b3946df930a62566c93184"
dependencies = [
 "bytes",
 "http",
]

[[package]]
name = "http-body-util"
version = "0.1.3"
source = "registry+https://github.com/rust-lang/crates.io-index"
checksum = "b021d93e26becf5dc7e1b75b1bed1fd93124b374ceb73f43d4d4eafec896a64a"
dependencies = [
 "bytes",
 "futures-core",
 "http",
 "http-body",
 "pin-project-lite",
]

[[package]]
name = "id-arena"
version = "2.3.0"
source = "registry+https://github.com/rust-lang/crates.io-index"
checksum = "3d3067d79b975e8844ca9eb072e16b31c3c1c36928edf9c6789548c524d0d954"

[[package]]
name = "indexmap"
version = "2.14.0"
source = "registry+https://github.com/rust-lang/crates.io-index"
checksum = "d466e9454f08e4a911e14806c24e16fba1b4c121d1ea474396f396069cf949d9"
dependencies = [
 "equivalent",
 "hashbrown",
 "serde",
 "serde_core",
]

[[package]]
name = "insta"
version = "1.48.0"
source = "registry+https://github.com/rust-lang/crates.io-index"
checksum = "86f0f8fee8c926415c58d6ae43a08523a26faccb2323f5e6b644fe7dd4ef6b82"
dependencies = [
 "console",
 "once_cell",
 "similar",
 "tempfile",
]

[[package]]
name = "instant"
version = "0.1.13"
source = "registry+https://github.com/rust-lang/crates.io-index"
checksum = "e0242819d153cba4b4b05a5a8f2a7e9bbf97b6055b2a002b395c96b5ff3c0222"
dependencies = [
 "cfg-if",
]

[[package]]
name = "itoa"
version = "1.0.18"
source = "registry+https://github.com/rust-lang/crates.io-index"
checksum = "8f42a60cbdf9a97f5d2305f08a87dc4e09308d1276d28c869c684d7777685682"

[[package]]
name = "konst"
version = "0.2.20"
source = "registry+https://github.com/rust-lang/crates.io-index"
checksum = "128133ed7824fcd73d6e7b17957c5eb7bacb885649bd8c69708b2331a10bcefb"
dependencies = [
 "konst_macro_rules",
]

[[package]]
name = "konst_macro_rules"
version = "0.2.19"
source = "registry+https://github.com/rust-lang/crates.io-index"
checksum = "a4933f3f57a8e9d9da04db23fb153356ecaf00cbd14aee46279c33dc80925c37"

[[package]]
name = "leb128fmt"
version = "0.1.0"
source = "registry+https://github.com/rust-lang/crates.io-index"
checksum = "09edd9e8b54e49e587e4f6295a7d29c3ea94d469cb40ab8ca70b288248a81db2"

[[package]]
name = "libc"
version = "0.2.186"
source = "registry+https://github.com/rust-lang/crates.io-index"
checksum = "68ab91017fe16c622486840e4c83c9a37afeff978bd239b5293d61ece587de66"

[[package]]
name = "linux-raw-sys"
version = "0.12.1"
source = "registry+https://github.com/rust-lang/crates.io-index"
checksum = "32a66949e030da00e8c7d4434b251670a91556f4144941d37452769c25d58a53"

[[package]]
name = "log"
version = "0.4.33"
source = "registry+https://github.com/rust-lang/crates.io-index"
checksum = "0ceec5bc11778974d1bcb055b18002eba7f4b3518b6a0081b3af5f21666da9ad"

[[package]]
name = "macro-string"
version = "0.2.0"
source = "registry+https://github.com/rust-lang/crates.io-index"
checksum = "59a9dbbfc75d2688ed057456ce8a3ee3f48d12eec09229f560f3643b9f275653"
dependencies = [
 "proc-macro2",
 "quote",
 "syn",
]

[[package]]
name = "memchr"
version = "2.8.2"
source = "registry+https://github.com/rust-lang/crates.io-index"
checksum = "88904434abc2901f197fe8cc55f0445e7ded921dba5911dad2e2b39b48e663c4"

[[package]]
name = "obelisk-deployer-flyio"
version = "0.1.0"
dependencies = [
 "anyhow",
 "assert_matches",
 "base64",
 "const_format",
 "hashbrown",
 "insta",
 "serde_json",
 "toml",
 "wit-bindgen 0.58.0",
 "wit-bindgen-rust",
 "wit-parser 0.252.0",
]

[[package]]
name = "once_cell"
version = "1.21.4"
source = "registry+https://github.com/rust-lang/crates.io-index"
checksum = "9f7c3e4beb33f85d45ae3e3a1792185706c8e16d043238c593331cc7cd313b50"

[[package]]
name = "parking"
version = "2.2.1"
source = "registry+https://github.com/rust-lang/crates.io-index"
checksum = "f38d5652c16fde515bb1ecef450ab0f6a219d619a7274976324d5e377f7dceba"

[[package]]
name = "pin-project-lite"
version = "0.2.17"
source = "registry+https://github.com/rust-lang/crates.io-index"
checksum = "a89322df9ebe1c1578d689c92318e070967d1042b512afbe49518723f4e6d5cd"

[[package]]
name = "prettyplease"
version = "0.2.37"
source = "registry+https://github.com/rust-lang/crates.io-index"
checksum = "479ca8adacdd7ce8f1fb39ce9ecccbfe93a3f1344b3d0d97f20bc0196208f62b"
dependencies = [
 "proc-macro2",
 "syn",
]

[[package]]
name = "proc-macro2"
version = "1.0.106"
source = "registry+https://github.com/rust-lang/crates.io-index"
checksum = "8fd00f0bb2e90d81d1044c2b32617f68fcb9fa3bb7640c23e9c748e53fb30934"
dependencies = [
 "unicode-ident",
]

[[package]]
name = "quote"
version = "1.0.46"
source = "registry+https://github.com/rust-lang/crates.io-index"
checksum = "dfbc457d0c7a0759a614551b11a6409e5951f6c7537be1f1b7682b9ae9230368"
dependencies = [
 "proc-macro2",
]

[[package]]
name = "r-efi"
version = "6.0.0"
source = "registry+https://github.com/rust-lang/crates.io-index"
checksum = "f8dcc9c7d52a811697d2151c701e0d08956f92b0e24136cf4cf27b57a6a0d9bf"

[[package]]
name = "rustix"
version = "1.1.4"
source = "registry+https://github.com/rust-lang/crates.io-index"
checksum = "b6fe4565b9518b83ef4f91bb47ce29620ca828bd32cb7e408f0062e9930ba190"
dependencies = [
 "bitflags",
 "errno",
 "libc",
 "linux-raw-sys",
 "windows-sys",
]

[[package]]
name = "semver"
version = "1.0.28"
source = "registry+https://github.com/rust-lang/crates.io-index"
checksum = "8a7852d02fc848982e0c167ef163aaff9cd91dc640ba85e263cb1ce46fae51cd"

[[package]]
name = "serde"
version = "1.0.228"
source = "registry+https://github.com/rust-lang/crates.io-index"
checksum = "9a8e94ea7f378bd32cbbd37198a4a91436180c5bb472411e48b5ec2e2124ae9e"
dependencies = [
 "serde_core",
]

[[package]]
name = "serde_core"
version = "1.0.228"
source = "registry+https://github.com/rust-lang/crates.io-index"
checksum = "41d385c7d4ca58e59fc732af25c3983b67ac852c1a25000afe1175de458b67ad"
dependencies = [
 "serde_derive",
]

[[package]]
name = "serde_derive"
version = "1.0.228"
source = "registry+https://github.com/rust-lang/crates.io-index"
checksum = "d540f220d3187173da220f885ab66608367b6574e925011a9353e4badda91d79"
dependencies = [
 "proc-macro2",
 "quote",
 "syn",
]

[[package]]
name = "serde_json"
version = "1.0.150"
source = "registry+https://github.com/rust-lang/crates.io-index"
checksum = "e8014e44b4736ed0538adeecded0fce2a272f22dc9578a7eb6b2d9993c74cfb9"
dependencies = [
 "itoa",
 "memchr",
 "serde",
 "serde_core",
 "zmij",
]

[[package]]
name = "serde_spanned"
version = "1.1.1"
source = "registry+https://github.com/rust-lang/crates.io-index"
checksum = "6662b5879511e06e8999a8a235d848113e942c9124f211511b16466ee2995f26"
dependencies = [
 "serde_core",
]

[[package]]
name = "similar"
version = "2.7.0"
source = "registry+https://github.com/rust-lang/crates.io-index"
checksum = "bbbb5d9659141646ae647b42fe094daf6c6192d1620870b449d9557f748b2daa"

[[package]]
name = "slab"
version = "0.4.12"
source = "registry+https://github.com/rust-lang/crates.io-index"
checksum = "0c790de23124f9ab44544d7ac05d60440adc586479ce501c1d6d7da3cd8c9cf5"

[[package]]
name = "syn"
version = "2.0.118"
source = "registry+https://github.com/rust-lang/crates.io-index"
checksum = "1b9ae57f904213ebb649ce6895b8a66c66f0203b9319718f69a5612a065b1422"
dependencies = [
 "proc-macro2",
 "quote",
 "unicode-ident",
]

[[package]]
name = "tempfile"
version = "3.27.0"
source = "registry+https://github.com/rust-lang/crates.io-index"
checksum = "32497e9a4c7b38532efcdebeef879707aa9f794296a4f0244f6f69e9bc8574bd"
dependencies = [
 "fastrand 2.4.1",
 "getrandom",
 "once_cell",
 "rustix",
 "windows-sys",
]

[[package]]
name = "toml"
version = "1.1.2+spec-1.1.0"
source = "registry+https://github.com/rust-lang/crates.io-index"
checksum = "81f3d15e84cbcd896376e6730314d59fb5a87f31e4b038454184435cd57defee"
dependencies = [
 "indexmap",
 "serde_core",
 "serde_spanned",
 "toml_datetime",
 "toml_parser",
 "toml_writer",
 "winnow",
]

[[package]]
name = "toml_datetime"
version = "1.1.1+spec-1.1.0"
source = "registry+https://github.com/rust-lang/crates.io-index"
checksum = "3165f65f62e28e0115a00b2ebdd37eb6f3b641855f9d636d3cd4103767159ad7"
dependencies = [
 "serde_core",
]

[[package]]
name = "toml_parser"
version = "1.1.2+spec-1.1.0"
source = "registry+https://github.com/rust-lang/crates.io-index"
checksum = "a2abe9b86193656635d2411dc43050282ca48aa31c2451210f4202550afb7526"
dependencies = [
 "winnow",
]

[[package]]
name = "toml_writer"
version = "1.1.1+spec-1.1.0"
source = "registry+https://github.com/rust-lang/crates.io-index"
checksum = "756daf9b1013ebe47a8776667b466417e2d4c5679d441c26230efd9ef78692db"

[[package]]
name = "unicode-ident"
version = "1.0.24"
source = "registry+https://github.com/rust-lang/crates.io-index"
checksum = "e6e4313cd5fcd3dad5cafa179702e2b244f760991f45397d14d4ebf38247da75"

[[package]]
name = "unicode-xid"
version = "0.2.6"
source = "registry+https://github.com/rust-lang/crates.io-index"
checksum = "ebc1c04c71510c7f702b52b7c350734c9ff1295c464a03335b00bb84fc54f853"

[[package]]
name = "waker-fn"
version = "1.2.0"
source = "registry+https://github.com/rust-lang/crates.io-index"
checksum = "317211a0dc0ceedd78fb2ca9a44aed3d7b9b26f81870d485c07122b4350673b7"

[[package]]
name = "wasip2"
version = "1.0.4+wasi-0.2.12"
source = "registry+https://github.com/rust-lang/crates.io-index"
checksum = "b67efb37e106e55ce722a510d6b5f9c17f083e5fc79afc2badeb12cc313d9487"
dependencies = [
 "wit-bindgen 0.57.1",
]

[[package]]
name = "wasm-encoder"
version = "0.251.0"
source = "registry+https://github.com/rust-lang/crates.io-index"
checksum = "5a879a421bd17c528b74721b2abf4c62e8f1d1889c2ba8c3c50d02deaf2ce395"
dependencies = [
 "leb128fmt",
 "wasmparser 0.251.0",
]

[[package]]
name = "wasm-metadata"
version = "0.251.0"
source = "registry+https://github.com/rust-lang/crates.io-index"
checksum = "5f998ccc6e012f7b86865eb2a106c8a0422017a1a88977ce01a69f2244be2e57"
dependencies = [
 "anyhow",
 "indexmap",
 "wasm-encoder",
 "wasmparser 0.251.0",
]

[[package]]
name = "wasmparser"
version = "0.251.0"
source = "registry+https://github.com/rust-lang/crates.io-index"
checksum = "437970b35b1a85cfde9c74b2398352d8d653f3bd8e3a3db0c063ea8f5b4b36ff"
dependencies = [
 "bitflags",
 "hashbrown",
 "indexmap",
 "semver",
]

[[package]]
name = "wasmparser"
version = "0.252.0"
source = "registry+https://github.com/rust-lang/crates.io-index"
checksum = "d3eb099dcadcde5be9eef55e3a337128efd4e44b4c93122487e4d2e4e1c6627c"
dependencies = [
 "bitflags",
 "indexmap",
 "semver",
]

[[package]]
name = "webhook-healthcheck"
version = "0.1.0"
dependencies = [
 "wstd",
]

[[package]]
name = "windows-link"
version = "0.2.1"
source = "registry+https://github.com/rust-lang/crates.io-index"
checksum = "f0805222e57f7521d6a62e36fa9163bc891acd422f971defe97d64e70d0a4fe5"

[[package]]
name = "windows-sys"
version = "0.61.2"
source = "registry+https://github.com/rust-lang/crates.io-index"
checksum = "ae137229bcbd6cdf0f7b80a31df61766145077ddf49416a728b02cb3921ff3fc"
dependencies = [
 "windows-link",
]

[[package]]
name = "winnow"
version = "1.0.3"
source = "registry+https://github.com/rust-lang/crates.io-index"
checksum = "0592e1c9d151f854e6fd382574c3a0855250e1d9b2f99d9281c6e6391af352f1"

[[package]]
name = "wit-bindgen"
version = "0.57.1"
source = "registry+https://github.com/rust-lang/crates.io-index"
checksum = "1ebf944e87a7c253233ad6766e082e3cd714b5d03812acc24c318f549614536e"
dependencies = [
 "bitflags",
]

[[package]]
name = "wit-bindgen"
version = "0.58.0"
source = "registry+https://github.com/rust-lang/crates.io-index"
checksum = "a43552cfa071f246cfd99e5dbb23710dfe7336b3259e09339818483359470749"
dependencies = [
 "bitflags",
 "wit-bindgen-rust-macro",
]

[[package]]
name = "wit-bindgen-core"
version = "0.58.0"
source = "registry+https://github.com/rust-lang/crates.io-index"
checksum = "4738d1c9a78e97bc7f664bfafd5d8e67d7bb26faa5c41e6d628e8bbdad3ec351"
dependencies = [
 "anyhow",
 "heck",
 "wit-parser 0.251.0",
]

[[package]]
name = "wit-bindgen-rust"
version = "0.58.0"
source = "registry+https://github.com/rust-lang/crates.io-index"
checksum = "1130ce1f531bc9f9a75922244aa773bf5e2117fda1ef4a86b9f98d6b8135eb46"
dependencies = [
 "anyhow",
 "heck",
 "indexmap",
 "prettyplease",
 "syn",
 "wasm-metadata",
 "wit-bindgen-core",
 "wit-component",
]

[[package]]
name = "wit-bindgen-rust-macro"
version = "0.58.0"
source = "registry+https://github.com/rust-lang/crates.io-index"
checksum = "07296369e4d598e7e79b64eef66f724d83324ea671bcf677d78fc5cf92604ae5"
dependencies = [
 "anyhow",
 "macro-string",
 "prettyplease",
 "proc-macro2",
 "quote",
 "syn",
 "wit-bindgen-core",
 "wit-bindgen-rust",
]

[[package]]
name = "wit-component"
version = "0.251.0"
source = "registry+https://github.com/rust-lang/crates.io-index"
checksum = "83a5e60173c413659c689f0581b0cf5d1a2404077568f9ffdce748a9eb2fc913"
dependencies = [
 "anyhow",
 "bitflags",
 "indexmap",
 "log",
 "serde",
 "serde_derive",
 "serde_json",
 "wasm-encoder",
 "wasm-metadata",
 "wasmparser 0.251.0",
 "wit-parser 0.251.0",
]

[[package]]
name = "wit-parser"
version = "0.251.0"
source = "registry+https://github.com/rust-lang/crates.io-index"
checksum = "e960732e824fab95099971a09e638979347c94ca48568d3c854c945729196947"
dependencies = [
 "anyhow",
 "hashbrown",
 "id-arena",
 "indexmap",
 "log",
 "semver",
 "serde",
 "serde_derive",
 "serde_json",
 "unicode-xid",
 "wasmparser 0.251.0",
]

[[package]]
name = "wit-parser"
version = "0.252.0"
source = "registry+https://github.com/rust-lang/crates.io-index"
checksum = "4266bea110371c620ccf3201c5023676046bc4556e5c7cfb5d500bda5ebc162d"
dependencies = [
 "anyhow",
 "hashbrown",
 "id-arena",
 "indexmap",
 "log",
 "semver",
 "serde",
 "serde_derive",
 "serde_json",
 "unicode-ident",
 "wasmparser 0.252.0",
]

[[package]]
name = "wstd"
version = "0.6.7"
source = "registry+https://github.com/rust-lang/crates.io-index"
checksum = "d91b0401ae0769f12801304fa4985034d1b07f21733642a36bd0c43388c1cf87"
dependencies = [
 "anyhow",
 "async-task",
 "bytes",
 "futures-lite",
 "http",
 "http-body",
 "http-body-util",
 "itoa",
 "pin-project-lite",
 "serde",
 "serde_json",
 "slab",
 "wasip2",
 "wstd-macro",
]

[[package]]
name = "wstd-macro"
version = "0.6.7"
source = "registry+https://github.com/rust-lang/crates.io-index"
checksum = "8023c13a2eb552dfad21984b1947ada6c8d3a8d73a0d5ff57dc5d200aa2e06b9"
dependencies = [
 "quote",
 "syn",
]

[[package]]
name = "zmij"
version = "1.0.21"
source = "registry+https://github.com/rust-lang/crates.io-index"
checksum = "b8848ee67ecc8aedbaf3e4122217aff892639231befc6a1b58d29fff4c2cabaa"
